# This file is autogenerated, do not edit; changes may be undone by the next 'dep ensure'.


[[projects]]
  digest = "1:6e7db426c1cce1f5d48023c5e64733d61239a78e6dedfacd1ef5e1d667a9694d"
  name = "github.com/faiface/beep"
  packages = [
    ".",
    "mp3",
    "speaker",
    "vorbis",
  ]
  pruneopts = "UT"
  revision = "b573886bdf0f6ac1b8e7f8931a2a2b249c90666b"
  version = "v1.0.2"

[[projects]]
  digest = "1:e62657cca9badaa308d86e7716083e4c5933bb78e30a17743fc67f50be26f6f4"
  name = "github.com/gorilla/websocket"
  packages = ["."]
  pruneopts = "UT"
  revision = "c3e18be99d19e6b3e8f1559eea2c161a665c4b6b"
  version = "v1.4.1"

[[projects]]
  digest = "1:10060a3fd60be4fcbe1ddc72143492d4f7d02b1978de5c377313a2a3bbf55959"
  name = "github.com/hajimehoshi/go-mp3"
  packages = [
    ".",
    "internal/bits",
    "internal/consts",
    "internal/frame",
    "internal/frameheader",
    "internal/huffman",
    "internal/imdct",
    "internal/maindata",
    "internal/sideinfo",
  ]
  pruneopts = "UT"
  revision = "96c001d18d97b5b09170cab468347a368c3130de"
  version = "v0.2.1"

[[projects]]
  digest = "1:d7631d703348a25589052b6dc1b5c7c8f8ddc1ba721b4437a356f19d21aa9d3b"
  name = "github.com/hajimehoshi/oto"
  packages = [
    ".",
    "internal/mux",
  ]
  pruneopts = "UT"
  revision = "0644fbe4140cab93ffb80332978e292f2676c1fe"
  version = "v0.5.4"

[[projects]]
  digest = "1:6b41ce6c4a63bab113c3b8c63c394f5eaf57e75dbc1a11baa3a37ef2ee8a4e8a"
  name = "github.com/jfreymuth/oggvorbis"
  packages = ["."]
  pruneopts = "UT"
  revision = "062ba884eefcdc6cf2380d0d144642d396c65f25"
  version = "v1.0.1"

[[projects]]
  digest = "1:72042082dfa783f347c3dd1bb5ade7a363793413d24a44db2cd9399432d373cc"
  name = "github.com/jfreymuth/vorbis"
  packages = ["."]
  pruneopts = "UT"
  revision = "2f16367d086d143e8e946cc5ee24618147d673dc"
  version = "v1.0.0"

[[projects]]
  digest = "1:9e1d37b58d17113ec3cb5608ac0382313c5b59470b94ed97d0976e69c7022314"
  name = "github.com/pkg/errors"
  packages = ["."]
  pruneopts = "UT"
  revision = "614d223910a179a466c1767a985424175c39b465"
  version = "v0.9.1"

[[projects]]
  branch = "master"
  digest = "1:856a79b7e254e0c8e29a17b354fdac4cc8123a6e1bb3b58478e720f67487fcd2"
  name = "golang.org/x/crypto"
  packages = ["blowfish"]
  pruneopts = "UT"
  revision = "69ecbb4d6d5dab05e49161c6e77ea40a030884e1"

[[projects]]
  branch = "master"
  digest = "1:bd0386f82340fd1d7aa5a0046af0c39a7de15dadcddc1688e64255aba372a600"
  name = "golang.org/x/exp"
  packages = [
    "shiny/driver/gldriver",
    "shiny/driver/internal/drawer",
    "shiny/driver/internal/errscreen",
    "shiny/driver/internal/event",
    "shiny/driver/internal/lifecycler",
    "shiny/driver/internal/win32",
    "shiny/driver/internal/x11key",
    "shiny/screen",
  ]
  pruneopts = "UT"
  revision = "0405dc783f0a9c4dbf56901f56e49fa485943f4c"

[[projects]]
  branch = "master"
  digest = "1:b92d5f74778f4766055011db9abc4bba54edbe5e690a544e6dbfe4dd90824719"
  name = "golang.org/x/image"
  packages = ["math/f64"]
  pruneopts = "UT"
  revision = "58c23975cae11f062d4b3b0c143fe248faac195d"

[[projects]]
  branch = "master"
  digest = "1:d807461ebc1db99e4ee12e1dd49de4a121b01edfbfe0b94e2b7de4b65ec7904e"
  name = "golang.org/x/mobile"
  packages = [
    "app",
    "app/internal/callfn",
    "event/key",
    "event/lifecycle",
    "event/mouse",
    "event/paint",
    "event/size",
    "event/touch",
    "geom",
    "gl",
    "internal/mobileinit",
  ]
  pruneopts = "UT"
  revision = "82c397c4c5279f331dce14d734fda7060e4a3691"

[[projects]]
  branch = "master"
  digest = "1:181b0f31060ef04339c16e7bba946726dc4801a547f06edbd26d2b72a09df98c"
  name = "golang.org/x/sys"
  packages = ["windows"]
  pruneopts = "UT"
  revision = "9fbb57f87de9ccfe3a99d4e3270ce8a926ebba4f"

[[projects]]
  digest = "1:7093ab359f15c3663a7cfdc539e9eaf44635bc46376d8b888fe480b3ccfbad4d"
  name = "golang.org/x/text"
  packages = [
    "encoding",
    "encoding/charmap",
    "encoding/internal",
    "encoding/internal/identifier",
    "internal/gen",
    "transform",
    "unicode/cldr",
  ]
  pruneopts = "UT"
  revision = "342b2e1fbaa52c93f31447ad2c6abc048c63e475"
  version = "v0.3.2"

[solve-meta]
  analyzer-name = "dep"
  analyzer-version = 1
  input-imports = [
    "github.com/faiface/beep",
    "github.com/faiface/beep/mp3",
    "github.com/faiface/beep/speaker",
    "github.com/faiface/beep/vorbis",
    "github.com/gorilla/websocket",
    "golang.org/x/crypto/blowfish",
    "golang.org/x/text/encoding/charmap",
  ]
  solver-name = "gps-cdcl"
  solver-version = 1
