# This file is autogenerated, do not edit; changes may be undone by the next 'dep ensure'.


[[projects]]
  digest = "1:3ba3c102ddb4be75e3a77fbd6a48bc00aeff571b56060f42e67e086ab24ead96"
  name = "github.com/faiface/beep"
  packages = [
    ".",
    "mp3",
    "speaker",
  ]
  pruneopts = "UT"
  revision = "b573886bdf0f6ac1b8e7f8931a2a2b249c90666b"
  version = "v1.0.2"

[[projects]]
  digest = "1:e62657cca9badaa308d86e7716083e4c5933bb78e30a17743fc67f50be26f6f4"
  name = "github.com/gorilla/websocket"
  packages = ["."]
  pruneopts = "UT"
  revision = "c3e18be99d19e6b3e8f1559eea2c161a665c4b6b"
  version = "v1.4.1"

[[projects]]
  digest = "1:10060a3fd60be4fcbe1ddc72143492d4f7d02b1978de5c377313a2a3bbf55959"
  name = "github.com/hajimehoshi/go-mp3"
  packages = [
    ".",
    "internal/bits",
    "internal/consts",
    "internal/frame",
    "internal/frameheader",
    "internal/huffman",
    "internal/imdct",
    "internal/maindata",
    "internal/sideinfo",
  ]
  pruneopts = "UT"
  revision = "96c001d18d97b5b09170cab468347a368c3130de"
  version = "v0.2.1"

[[projects]]
  digest = "1:d7631d703348a25589052b6dc1b5c7c8f8ddc1ba721b4437a356f19d21aa9d3b"
  name = "github.com/hajimehoshi/oto"
  packages = [
    ".",
    "internal/mux",
  ]
  pruneopts = "UT"
  revision = "0644fbe4140cab93ffb80332978e292f2676c1fe"
  version = "v0.5.4"

[[projects]]
  digest = "1:cf31692c14422fa27c83a05292eb5cbe0fb2775972e8f1f8446a71549bd8980b"
  name = "github.com/pkg/errors"
  packages = ["."]
  pruneopts = "UT"
  revision = "ba968bfe8b2f7e042a574c888954fccecfa385b4"
  version = "v0.8.1"

[[projects]]
  branch = "master"
  digest = "1:856a79b7e254e0c8e29a17b354fdac4cc8123a6e1bb3b58478e720f67487fcd2"
  name = "golang.org/x/crypto"
  packages = ["blowfish"]
  pruneopts = "UT"
  revision = "53104e6ec876ad4e22ad27cce588b01392043c1b"

[[projects]]
  branch = "master"
  digest = "1:bd0386f82340fd1d7aa5a0046af0c39a7de15dadcddc1688e64255aba372a600"
  name = "golang.org/x/exp"
  packages = [
    "shiny/driver/gldriver",
    "shiny/driver/internal/drawer",
    "shiny/driver/internal/errscreen",
    "shiny/driver/internal/event",
    "shiny/driver/internal/lifecycler",
    "shiny/driver/internal/win32",
    "shiny/driver/internal/x11key",
    "shiny/screen",
  ]
  pruneopts = "UT"
  revision = "da58074b429933d2abeae71d6ef619366febf38e"

[[projects]]
  branch = "master"
  digest = "1:b92d5f74778f4766055011db9abc4bba54edbe5e690a544e6dbfe4dd90824719"
  name = "golang.org/x/image"
  packages = ["math/f64"]
  pruneopts = "UT"
  revision = "9130b4cfad522142c86367afe5e34ce811a85a4b"

[[projects]]
  branch = "master"
  digest = "1:da6d0c6bd0bab62ee6eafdfadb8664c0f66d666859394a88a21f5b6ee6beff90"
  name = "golang.org/x/mobile"
  packages = [
    "app",
    "app/internal/callfn",
    "event/key",
    "event/lifecycle",
    "event/mouse",
    "event/paint",
    "event/size",
    "event/touch",
    "geom",
    "gl",
    "internal/mobileinit",
  ]
  pruneopts = "UT"
  revision = "1a1fef82734d773fc4e59ec63b8af0bf10ab346f"

[[projects]]
  branch = "master"
  digest = "1:0ca5ac8aedc2fd9cb63c90acbd71c0cba8ddb61dfcca58b96cf41550689bf56d"
  name = "golang.org/x/sys"
  packages = ["windows"]
  pruneopts = "UT"
  revision = "ef85f5a75ddf8e11f81e921f785d3a6b04eefbd6"

[[projects]]
  digest = "1:7093ab359f15c3663a7cfdc539e9eaf44635bc46376d8b888fe480b3ccfbad4d"
  name = "golang.org/x/text"
  packages = [
    "encoding",
    "encoding/charmap",
    "encoding/internal",
    "encoding/internal/identifier",
    "internal/gen",
    "transform",
    "unicode/cldr",
  ]
  pruneopts = "UT"
  revision = "342b2e1fbaa52c93f31447ad2c6abc048c63e475"
  version = "v0.3.2"

[solve-meta]
  analyzer-name = "dep"
  analyzer-version = 1
  input-imports = [
    "github.com/faiface/beep/mp3",
    "github.com/faiface/beep/speaker",
    "github.com/gorilla/websocket",
    "golang.org/x/crypto/blowfish",
    "golang.org/x/text/encoding/charmap",
  ]
  solver-name = "gps-cdcl"
  solver-version = 1
